
Microsoft Visual Studio Solution File, Format Version 12.00
# Visual Studio Version 17
VisualStudioVersion = 17.2.32616.157
MinimumVisualStudioVersion = 10.0.40219.1
Project("{FAE04EC0-301F-11D3-BF4B-00C04F79EFBC}") = "Citek(ver2.0)", "Citek(ver2.0)\Citek(ver2.0).csproj", "{5931F5AD-54E2-41B9-8960-4754D25D28AA}"
EndProject
Global
	GlobalSection(SolutionConfigurationPlatforms) = preSolution
		Debug|Any CPU = Debug|Any CPU
		Release|Any CPU = Release|Any CPU
	EndGlobalSection
	GlobalSection(ProjectConfigurationPlatforms) = postSolution
		{5931F5AD-54E2-41B9-8960-4754D25D28AA}.Debug|Any CPU.ActiveCfg = Debug|Any CPU
		{5931F5AD-54E2-41B9-8960-4754D25D28AA}.Debug|Any CPU.Build.0 = Debug|Any CPU
		{5931F5AD-54E2-41B9-8960-4754D25D28AA}.Release|Any CPU.ActiveCfg = Release|Any CPU
		{5931F5AD-54E2-41B9-8960-4754D25D28AA}.Release|Any CPU.Build.0 = Release|Any CPU
	EndGlobalSection
	GlobalSection(SolutionProperties) = preSolution
		HideSolutionNode = FALSE
	EndGlobalSection
	GlobalSection(ExtensibilityGlobals) = postSolution
		SolutionGuid = {F0D3ACCC-F4EF-4E30-BCFC-942670394169}
	EndGlobalSection
EndGlobal
